
Microsoft Visual Studio Solution File, Format Version 12.00
# Visual Studio 15
VisualStudioVersion = 15.0.26730.12
MinimumVisualStudioVersion = 10.0.40219.1
Project("{888888A0-9F3D-457C-B088-3A5042F75D52}") = "smartROS", "smartROS.pyproj", "{B8985ED4-3DF2-466C-B5B3-35F1CB620C6C}"
EndProject
Global
	GlobalSection(SolutionConfigurationPlatforms) = preSolution
		Debug|Any CPU = Debug|Any CPU
		Release|Any CPU = Release|Any CPU
	EndGlobalSection
	GlobalSection(ProjectConfigurationPlatforms) = postSolution
		{B8985ED4-3DF2-466C-B5B3-35F1CB620C6C}.Debug|Any CPU.ActiveCfg = Debug|Any CPU
		{B8985ED4-3DF2-466C-B5B3-35F1CB620C6C}.Release|Any CPU.ActiveCfg = Release|Any CPU
	EndGlobalSection
	GlobalSection(SolutionProperties) = preSolution
		HideSolutionNode = FALSE
	EndGlobalSection
	GlobalSection(ExtensibilityGlobals) = postSolution
		SolutionGuid = {4AFFEAF9-597F-4E64-A8DA-576D20F0D223}
	EndGlobalSection
EndGlobal
